
Microsoft Visual Studio Solution File, Format Version 12.00
# Visual Studio Version 16
VisualStudioVersion = 16.0.34407.143
MinimumVisualStudioVersion = 10.0.40219.1
Project("{FAE04EC0-301F-11D3-BF4B-00C04F79EFBC}") = "Fun_Code", "Fun_Code.csproj", "{4A351F59-2C63-4C46-8028-970DA104ABA5}"
EndProject
Project("{2150E333-8FDC-42A3-9474-1A3956D46DE8}") = "Python", "Python", "{CEA5FE43-F4C0-4380-82D2-94920CB2EA51}"
	ProjectSection(SolutionItems) = preProject
		python_TaskList.py = python_TaskList.py
		taskList.cs = taskList.cs
	EndProjectSection
EndProject
Global
	GlobalSection(SolutionConfigurationPlatforms) = preSolution
		Debug|Any CPU = Debug|Any CPU
		Release|Any CPU = Release|Any CPU
	EndGlobalSection
	GlobalSection(ProjectConfigurationPlatforms) = postSolution
		{4A351F59-2C63-4C46-8028-970DA104ABA5}.Debug|Any CPU.ActiveCfg = Debug|Any CPU
		{4A351F59-2C63-4C46-8028-970DA104ABA5}.Debug|Any CPU.Build.0 = Debug|Any CPU
		{4A351F59-2C63-4C46-8028-970DA104ABA5}.Release|Any CPU.ActiveCfg = Release|Any CPU
		{4A351F59-2C63-4C46-8028-970DA104ABA5}.Release|Any CPU.Build.0 = Release|Any CPU
	EndGlobalSection
	GlobalSection(SolutionProperties) = preSolution
		HideSolutionNode = FALSE
	EndGlobalSection
	GlobalSection(ExtensibilityGlobals) = postSolution
		SolutionGuid = {73549A5C-0C55-4C69-8D50-2A20CE413A6E}
	EndGlobalSection
EndGlobal
